
Microsoft Visual Studio Solution File, Format Version 12.00
# Visual Studio Version 17
VisualStudioVersion = 17.4.33213.308
MinimumVisualStudioVersion = 10.0.40219.1
Project("{FAE04EC0-301F-11D3-BF4B-00C04F79EFBC}") = "APICRUD", "APICRUD\APICRUD.csproj", "{B674B713-D317-4E86-AA6C-1AFF4C1F3394}"
EndProject
Global
	GlobalSection(SolutionConfigurationPlatforms) = preSolution
		Debug|Any CPU = Debug|Any CPU
		Release|Any CPU = Release|Any CPU
	EndGlobalSection
	GlobalSection(ProjectConfigurationPlatforms) = postSolution
		{B674B713-D317-4E86-AA6C-1AFF4C1F3394}.Debug|Any CPU.ActiveCfg = Debug|Any CPU
		{B674B713-D317-4E86-AA6C-1AFF4C1F3394}.Debug|Any CPU.Build.0 = Debug|Any CPU
		{B674B713-D317-4E86-AA6C-1AFF4C1F3394}.Release|Any CPU.ActiveCfg = Release|Any CPU
		{B674B713-D317-4E86-AA6C-1AFF4C1F3394}.Release|Any CPU.Build.0 = Release|Any CPU
	EndGlobalSection
	GlobalSection(SolutionProperties) = preSolution
		HideSolutionNode = FALSE
	EndGlobalSection
	GlobalSection(ExtensibilityGlobals) = postSolution
		SolutionGuid = {28425F47-DA61-4D17-A17B-F6D8790D82C7}
	EndGlobalSection
EndGlobal
